// !$*UTF8*$!
{
	archiveVersion = 1;
	classes = {
	};
	objectVersion = 50;
	objects = {

/* Begin PBXBuildFile section */
		0E01CC342139CB1500591A75 /* Array_algo5.cpp in Sources */ = {isa = PBXBuildFile; fileRef = 0E01CC332139CB1500591A75 /* Array_algo5.cpp */; };
		0E01CC362139DD3600591A75 /* DP_bitmasking.cpp in Sources */ = {isa = PBXBuildFile; fileRef = 0E01CC352139DD3600591A75 /* DP_bitmasking.cpp */; };
/* End PBXBuildFile section */

/* Begin PBXCopyFilesBuildPhase section */
		0EA33DDE2125238E00111348 /* CopyFiles */ = {
			isa = PBXCopyFilesBuildPhase;
			buildActionMask = 2147483647;
			dstPath = /usr/share/man/man1/;
			dstSubfolderSpec = 0;
			files = (
			);
			runOnlyForDeploymentPostprocessing = 1;
		};
/* End PBXCopyFilesBuildPhase section */

/* Begin PBXFileReference section */
		0E01CC22213979A700591A75 /* Set_minDeletion.cpp */ = {isa = PBXFileReference; lastKnownFileType = sourcecode.cpp.cpp; path = Set_minDeletion.cpp; sourceTree = "<group>"; };
		0E01CC242139815600591A75 /* minOperation_array.cpp */ = {isa = PBXFileReference; lastKnownFileType = sourcecode.cpp.cpp; path = minOperation_array.cpp; sourceTree = "<group>"; };
		0E01CC2621398CED00591A75 /* Array_algo1.cpp */ = {isa = PBXFileReference; lastKnownFileType = sourcecode.cpp.cpp; path = Array_algo1.cpp; sourceTree = "<group>"; };
		0E01CC292139995300591A75 /* Array_algo2.cpp */ = {isa = PBXFileReference; lastKnownFileType = sourcecode.cpp.cpp; path = Array_algo2.cpp; sourceTree = "<group>"; };
		0E01CC2B2139B1E500591A75 /* checkDuplicatesWithinK.cpp */ = {isa = PBXFileReference; lastKnownFileType = sourcecode.cpp.cpp; path = checkDuplicatesWithinK.cpp; sourceTree = "<group>"; };
		0E01CC2D2139B90800591A75 /* Array_algo3.cpp */ = {isa = PBXFileReference; lastKnownFileType = sourcecode.cpp.cpp; path = Array_algo3.cpp; sourceTree = "<group>"; };
		0E01CC2F2139BBEB00591A75 /* findTopKelementsinStream.cpp */ = {isa = PBXFileReference; lastKnownFileType = sourcecode.cpp.cpp; path = findTopKelementsinStream.cpp; sourceTree = "<group>"; };
		0E01CC312139C96000591A75 /* Array_algo4.cpp */ = {isa = PBXFileReference; lastKnownFileType = sourcecode.cpp.cpp; path = Array_algo4.cpp; sourceTree = "<group>"; };
		0E01CC332139CB1500591A75 /* Array_algo5.cpp */ = {isa = PBXFileReference; lastKnownFileType = sourcecode.cpp.cpp; path = Array_algo5.cpp; sourceTree = "<group>"; };
		0E01CC352139DD3600591A75 /* DP_bitmasking.cpp */ = {isa = PBXFileReference; lastKnownFileType = sourcecode.cpp.cpp; path = DP_bitmasking.cpp; sourceTree = "<group>"; };
		0E49F7E721357E1F0088D10B /* Hash.cpp */ = {isa = PBXFileReference; lastKnownFileType = sourcecode.cpp.cpp; path = Hash.cpp; sourceTree = "<group>"; };
		0E59C4232138092C0008B654 /* DoubleHashing.cpp */ = {isa = PBXFileReference; lastKnownFileType = sourcecode.cpp.cpp; path = DoubleHashing.cpp; sourceTree = "<group>"; };
		0E59C425213813CE0008B654 /* VerticalBinaryTreePrint.cpp */ = {isa = PBXFileReference; lastKnownFileType = sourcecode.cpp.cpp; path = VerticalBinaryTreePrint.cpp; sourceTree = "<group>"; };
		0E59C42721382E8E0008B654 /* isSubset.cpp */ = {isa = PBXFileReference; lastKnownFileType = sourcecode.cpp.cpp; path = isSubset.cpp; sourceTree = "<group>"; };
		0E6933282130732900748FB0 /* Greedy_Dijkstra2.cpp */ = {isa = PBXFileReference; lastKnownFileType = sourcecode.cpp.cpp; path = Greedy_Dijkstra2.cpp; sourceTree = "<group>"; };
		0E69332A213087F600748FB0 /* Greedy_JobSequence.cpp */ = {isa = PBXFileReference; lastKnownFileType = sourcecode.cpp.cpp; path = Greedy_JobSequence.cpp; sourceTree = "<group>"; };
		0E69332C2130A68700748FB0 /* Greedy_minCoin.cpp */ = {isa = PBXFileReference; lastKnownFileType = sourcecode.cpp.cpp; path = Greedy_minCoin.cpp; sourceTree = "<group>"; };
		0E69332E2130B34A00748FB0 /* Greedy_Findflatform.cpp */ = {isa = PBXFileReference; lastKnownFileType = sourcecode.cpp.cpp; path = Greedy_Findflatform.cpp; sourceTree = "<group>"; };
		0E6933302130BF4800748FB0 /* DP_longestsubsequence.cpp */ = {isa = PBXFileReference; lastKnownFileType = sourcecode.cpp.cpp; path = DP_longestsubsequence.cpp; sourceTree = "<group>"; };
		0E7C1BEC2127430900D4B403 /* upper_bound.cpp */ = {isa = PBXFileReference; lastKnownFileType = sourcecode.cpp.cpp; path = upper_bound.cpp; sourceTree = "<group>"; };
		0E7C1BF12127462A00D4B403 /* equal_range.cpp */ = {isa = PBXFileReference; lastKnownFileType = sourcecode.cpp.cpp; path = equal_range.cpp; sourceTree = "<group>"; };
		0E7C1BF521274DB500D4B403 /* STL_sort.cpp */ = {isa = PBXFileReference; lastKnownFileType = sourcecode.cpp.cpp; path = STL_sort.cpp; sourceTree = "<group>"; };
		0E7C1BF721274EA600D4B403 /* STL_binary_search.cpp */ = {isa = PBXFileReference; lastKnownFileType = sourcecode.cpp.cpp; path = STL_binary_search.cpp; sourceTree = "<group>"; };
		0E7C1BF92127517800D4B403 /* STL_binary_search_compare.cpp */ = {isa = PBXFileReference; lastKnownFileType = sourcecode.cpp.cpp; path = STL_binary_search_compare.cpp; sourceTree = "<group>"; };
		0E7C1BFC2127556300D4B403 /* STL_pair.cpp */ = {isa = PBXFileReference; lastKnownFileType = sourcecode.cpp.cpp; path = STL_pair.cpp; sourceTree = "<group>"; };
		0E7C1BFE2127674000D4B403 /* STL_vector.cpp */ = {isa = PBXFileReference; lastKnownFileType = sourcecode.cpp.cpp; path = STL_vector.cpp; sourceTree = "<group>"; };
		0E7C1C002127810A00D4B403 /* STL_list.cpp */ = {isa = PBXFileReference; lastKnownFileType = sourcecode.cpp.cpp; path = STL_list.cpp; sourceTree = "<group>"; };
		0E7C1C02212787F200D4B403 /* STL_stack.cpp */ = {isa = PBXFileReference; lastKnownFileType = sourcecode.cpp.cpp; path = STL_stack.cpp; sourceTree = "<group>"; };
		0E7C1C04212838FC00D4B403 /* STL_vector1.cpp */ = {isa = PBXFileReference; lastKnownFileType = sourcecode.cpp.cpp; path = STL_vector1.cpp; sourceTree = "<group>"; };
		0E7C1C0621284A3B00D4B403 /* STL_deque.cpp */ = {isa = PBXFileReference; lastKnownFileType = sourcecode.cpp.cpp; path = STL_deque.cpp; sourceTree = "<group>"; };
		0E7C1C0921285BD800D4B403 /* Greedy_ActivitySelection.cpp */ = {isa = PBXFileReference; lastKnownFileType = sourcecode.cpp.cpp; path = Greedy_ActivitySelection.cpp; sourceTree = "<group>"; };
		0E7C1C0B2128667200D4B403 /* Union_find_algorithm.cpp */ = {isa = PBXFileReference; lastKnownFileType = sourcecode.cpp.cpp; path = Union_find_algorithm.cpp; sourceTree = "<group>"; };
		0E7C1C0D2128727E00D4B403 /* Union_by_Rank_PathCompression.cpp */ = {isa = PBXFileReference; lastKnownFileType = sourcecode.cpp.cpp; path = Union_by_Rank_PathCompression.cpp; sourceTree = "<group>"; };
		0E7C1C0F21288A7500D4B403 /* Greedy_Kruskal.cpp */ = {isa = PBXFileReference; lastKnownFileType = sourcecode.cpp.cpp; path = Greedy_Kruskal.cpp; sourceTree = "<group>"; };
		0E8D26472130412700AC53E7 /* Greedy_HuffmanTree.cpp */ = {isa = PBXFileReference; lastKnownFileType = sourcecode.cpp.cpp; path = Greedy_HuffmanTree.cpp; sourceTree = "<group>"; };
		0E8D26492130507600AC53E7 /* Greedy_Prims.cpp */ = {isa = PBXFileReference; lastKnownFileType = sourcecode.cpp.cpp; path = Greedy_Prims.cpp; sourceTree = "<group>"; };
		0E8D264B213069E000AC53E7 /* Greedy_Dijkstra.cpp */ = {isa = PBXFileReference; lastKnownFileType = sourcecode.cpp.cpp; path = Greedy_Dijkstra.cpp; sourceTree = "<group>"; };
		0E93634421318857009ED90B /* DP_LCS.cpp */ = {isa = PBXFileReference; lastKnownFileType = sourcecode.cpp.cpp; path = DP_LCS.cpp; sourceTree = "<group>"; };
		0E93634621319083009ED90B /* DP_LCSprint.cpp */ = {isa = PBXFileReference; lastKnownFileType = sourcecode.cpp.cpp; path = DP_LCSprint.cpp; sourceTree = "<group>"; };
		0E93634821319BAA009ED90B /* DP_AvailableWordPrint.cpp */ = {isa = PBXFileReference; lastKnownFileType = sourcecode.cpp.cpp; path = DP_AvailableWordPrint.cpp; sourceTree = "<group>"; };
		0E93634A2131A3F6009ED90B /* DP_EditDistance.cpp */ = {isa = PBXFileReference; lastKnownFileType = sourcecode.cpp.cpp; path = DP_EditDistance.cpp; sourceTree = "<group>"; };
		0E93634C2131B679009ED90B /* DP_MinCostPath.cpp */ = {isa = PBXFileReference; lastKnownFileType = sourcecode.cpp.cpp; path = DP_MinCostPath.cpp; sourceTree = "<group>"; };
		0E93634E2131CB5C009ED90B /* DP_CoinChange.cpp */ = {isa = PBXFileReference; lastKnownFileType = sourcecode.cpp.cpp; path = DP_CoinChange.cpp; sourceTree = "<group>"; };
		0EA33DE02125238E00111348 /* yap */ = {isa = PBXFileReference; explicitFileType = "compiled.mach-o.executable"; includeInIndex = 0; path = yap; sourceTree = BUILT_PRODUCTS_DIR; };
		0EA33DE32125238E00111348 /* main.cpp */ = {isa = PBXFileReference; lastKnownFileType = sourcecode.cpp.cpp; path = main.cpp; sourceTree = "<group>"; };
/* End PBXFileReference section */

/* Begin PBXFrameworksBuildPhase section */
		0EA33DDD2125238E00111348 /* Frameworks */ = {
			isa = PBXFrameworksBuildPhase;
			buildActionMask = 2147483647;
			files = (
			);
			runOnlyForDeploymentPostprocessing = 0;
		};
/* End PBXFrameworksBuildPhase section */

/* Begin PBXGroup section */
		0E49F7E621357E0B0088D10B /* DS */ = {
			isa = PBXGroup;
			children = (
				0E49F7E721357E1F0088D10B /* Hash.cpp */,
				0E59C4232138092C0008B654 /* DoubleHashing.cpp */,
				0E59C425213813CE0008B654 /* VerticalBinaryTreePrint.cpp */,
				0E59C42721382E8E0008B654 /* isSubset.cpp */,
				0E01CC22213979A700591A75 /* Set_minDeletion.cpp */,
				0E01CC242139815600591A75 /* minOperation_array.cpp */,
				0E01CC2621398CED00591A75 /* Array_algo1.cpp */,
				0E01CC292139995300591A75 /* Array_algo2.cpp */,
				0E01CC2B2139B1E500591A75 /* checkDuplicatesWithinK.cpp */,
				0E01CC2D2139B90800591A75 /* Array_algo3.cpp */,
				0E01CC2F2139BBEB00591A75 /* findTopKelementsinStream.cpp */,
				0E01CC312139C96000591A75 /* Array_algo4.cpp */,
				0E01CC332139CB1500591A75 /* Array_algo5.cpp */,
			);
			path = DS;
			sourceTree = "<group>";
		};
		0E7C1C0821285BB500D4B403 /* Algorithm */ = {
			isa = PBXGroup;
			children = (
				0E7C1C0921285BD800D4B403 /* Greedy_ActivitySelection.cpp */,
				0E7C1C0B2128667200D4B403 /* Union_find_algorithm.cpp */,
				0E7C1C0D2128727E00D4B403 /* Union_by_Rank_PathCompression.cpp */,
				0E7C1C0F21288A7500D4B403 /* Greedy_Kruskal.cpp */,
				0E8D26472130412700AC53E7 /* Greedy_HuffmanTree.cpp */,
				0E8D26492130507600AC53E7 /* Greedy_Prims.cpp */,
				0E8D264B213069E000AC53E7 /* Greedy_Dijkstra.cpp */,
				0E6933282130732900748FB0 /* Greedy_Dijkstra2.cpp */,
				0E69332A213087F600748FB0 /* Greedy_JobSequence.cpp */,
				0E69332C2130A68700748FB0 /* Greedy_minCoin.cpp */,
				0E69332E2130B34A00748FB0 /* Greedy_Findflatform.cpp */,
				0E6933302130BF4800748FB0 /* DP_longestsubsequence.cpp */,
				0E93634421318857009ED90B /* DP_LCS.cpp */,
				0E93634621319083009ED90B /* DP_LCSprint.cpp */,
				0E93634821319BAA009ED90B /* DP_AvailableWordPrint.cpp */,
				0E93634A2131A3F6009ED90B /* DP_EditDistance.cpp */,
				0E93634C2131B679009ED90B /* DP_MinCostPath.cpp */,
				0E93634E2131CB5C009ED90B /* DP_CoinChange.cpp */,
				0E01CC352139DD3600591A75 /* DP_bitmasking.cpp */,
			);
			path = Algorithm;
			sourceTree = "<group>";
		};
		0EA33DD72125238E00111348 = {
			isa = PBXGroup;
			children = (
				0E49F7E621357E0B0088D10B /* DS */,
				0E7C1C0821285BB500D4B403 /* Algorithm */,
				0EA33DE22125238E00111348 /* yap */,
				0EA33DE12125238E00111348 /* Products */,
			);
			sourceTree = "<group>";
		};
		0EA33DE12125238E00111348 /* Products */ = {
			isa = PBXGroup;
			children = (
				0EA33DE02125238E00111348 /* yap */,
			);
			name = Products;
			sourceTree = "<group>";
		};
		0EA33DE22125238E00111348 /* yap */ = {
			isa = PBXGroup;
			children = (
				0EA33DE32125238E00111348 /* main.cpp */,
				0E7C1BEC2127430900D4B403 /* upper_bound.cpp */,
				0E7C1BF12127462A00D4B403 /* equal_range.cpp */,
				0E7C1BF521274DB500D4B403 /* STL_sort.cpp */,
				0E7C1BF721274EA600D4B403 /* STL_binary_search.cpp */,
				0E7C1BF92127517800D4B403 /* STL_binary_search_compare.cpp */,
				0E7C1BFC2127556300D4B403 /* STL_pair.cpp */,
				0E7C1BFE2127674000D4B403 /* STL_vector.cpp */,
				0E7C1C002127810A00D4B403 /* STL_list.cpp */,
				0E7C1C02212787F200D4B403 /* STL_stack.cpp */,
				0E7C1C04212838FC00D4B403 /* STL_vector1.cpp */,
				0E7C1C0621284A3B00D4B403 /* STL_deque.cpp */,
			);
			path = yap;
			sourceTree = "<group>";
		};
/* End PBXGroup section */

/* Begin PBXNativeTarget section */
		0EA33DDF2125238E00111348 /* yap */ = {
			isa = PBXNativeTarget;
			buildConfigurationList = 0EA33DE72125238E00111348 /* Build configuration list for PBXNativeTarget "yap" */;
			buildPhases = (
				0EA33DDC2125238E00111348 /* Sources */,
				0EA33DDD2125238E00111348 /* Frameworks */,
				0EA33DDE2125238E00111348 /* CopyFiles */,
			);
			buildRules = (
			);
			dependencies = (
			);
			name = yap;
			productName = yap;
			productReference = 0EA33DE02125238E00111348 /* yap */;
			productType = "com.apple.product-type.tool";
		};
/* End PBXNativeTarget section */

/* Begin PBXProject section */
		0EA33DD82125238E00111348 /* Project object */ = {
			isa = PBXProject;
			attributes = {
				LastUpgradeCheck = 0940;
				ORGANIZATIONNAME = LEEWONJUN;
				TargetAttributes = {
					0EA33DDF2125238E00111348 = {
						CreatedOnToolsVersion = 9.4.1;
					};
				};
			};
			buildConfigurationList = 0EA33DDB2125238E00111348 /* Build configuration list for PBXProject "yap" */;
			compatibilityVersion = "Xcode 9.3";
			developmentRegion = en;
			hasScannedForEncodings = 0;
			knownRegions = (
				en,
			);
			mainGroup = 0EA33DD72125238E00111348;
			productRefGroup = 0EA33DE12125238E00111348 /* Products */;
			projectDirPath = "";
			projectRoot = "";
			targets = (
				0EA33DDF2125238E00111348 /* yap */,
			);
		};
/* End PBXProject section */

/* Begin PBXSourcesBuildPhase section */
		0EA33DDC2125238E00111348 /* Sources */ = {
			isa = PBXSourcesBuildPhase;
			buildActionMask = 2147483647;
			files = (
				0E01CC362139DD3600591A75 /* DP_bitmasking.cpp in Sources */,
				0E01CC342139CB1500591A75 /* Array_algo5.cpp in Sources */,
			);
			runOnlyForDeploymentPostprocessing = 0;
		};
/* End PBXSourcesBuildPhase section */

/* Begin XCBuildConfiguration section */
		0EA33DE52125238E00111348 /* Debug */ = {
			isa = XCBuildConfiguration;
			buildSettings = {
				ALWAYS_SEARCH_USER_PATHS = NO;
				CLANG_ANALYZER_NONNULL = YES;
				CLANG_ANALYZER_NUMBER_OBJECT_CONVERSION = YES_AGGRESSIVE;
				CLANG_CXX_LANGUAGE_STANDARD = "gnu++14";
				CLANG_CXX_LIBRARY = "libc++";
				CLANG_ENABLE_MODULES = YES;
				CLANG_ENABLE_OBJC_ARC = YES;
				CLANG_ENABLE_OBJC_WEAK = YES;
				CLANG_WARN_BLOCK_CAPTURE_AUTORELEASING = YES;
				CLANG_WARN_BOOL_CONVERSION = YES;
				CLANG_WARN_COMMA = YES;
				CLANG_WARN_CONSTANT_CONVERSION = YES;
				CLANG_WARN_DEPRECATED_OBJC_IMPLEMENTATIONS = YES;
				CLANG_WARN_DIRECT_OBJC_ISA_USAGE = YES_ERROR;
				CLANG_WARN_DOCUMENTATION_COMMENTS = YES;
				CLANG_WARN_EMPTY_BODY = YES;
				CLANG_WARN_ENUM_CONVERSION = YES;
				CLANG_WARN_INFINITE_RECURSION = YES;
				CLANG_WARN_INT_CONVERSION = YES;
				CLANG_WARN_NON_LITERAL_NULL_CONVERSION = YES;
				CLANG_WARN_OBJC_IMPLICIT_RETAIN_SELF = YES;
				CLANG_WARN_OBJC_LITERAL_CONVERSION = YES;
				CLANG_WARN_OBJC_ROOT_CLASS = YES_ERROR;
				CLANG_WARN_RANGE_LOOP_ANALYSIS = YES;
				CLANG_WARN_STRICT_PROTOTYPES = YES;
				CLANG_WARN_SUSPICIOUS_MOVE = YES;
				CLANG_WARN_UNGUARDED_AVAILABILITY = YES_AGGRESSIVE;
				CLANG_WARN_UNREACHABLE_CODE = YES;
				CLANG_WARN__DUPLICATE_METHOD_MATCH = YES;
				CODE_SIGN_IDENTITY = "-";
				COPY_PHASE_STRIP = NO;
				DEBUG_INFORMATION_FORMAT = dwarf;
				ENABLE_STRICT_OBJC_MSGSEND = YES;
				ENABLE_TESTABILITY = YES;
				GCC_C_LANGUAGE_STANDARD = gnu11;
				GCC_DYNAMIC_NO_PIC = NO;
				GCC_NO_COMMON_BLOCKS = YES;
				GCC_OPTIMIZATION_LEVEL = 0;
				GCC_PREPROCESSOR_DEFINITIONS = (
					"DEBUG=1",
					"$(inherited)",
				);
				GCC_WARN_64_TO_32_BIT_CONVERSION = YES;
				GCC_WARN_ABOUT_RETURN_TYPE = YES_ERROR;
				GCC_WARN_UNDECLARED_SELECTOR = YES;
				GCC_WARN_UNINITIALIZED_AUTOS = YES_AGGRESSIVE;
				GCC_WARN_UNUSED_FUNCTION = YES;
				GCC_WARN_UNUSED_VARIABLE = YES;
				MACOSX_DEPLOYMENT_TARGET = 10.13;
				MTL_ENABLE_DEBUG_INFO = YES;
				ONLY_ACTIVE_ARCH = YES;
				SDKROOT = macosx;
			};
			name = Debug;
		};
		0EA33DE62125238E00111348 /* Release */ = {
			isa = XCBuildConfiguration;
			buildSettings = {
				ALWAYS_SEARCH_USER_PATHS = NO;
				CLANG_ANALYZER_NONNULL = YES;
				CLANG_ANALYZER_NUMBER_OBJECT_CONVERSION = YES_AGGRESSIVE;
				CLANG_CXX_LANGUAGE_STANDARD = "gnu++14";
				CLANG_CXX_LIBRARY = "libc++";
				CLANG_ENABLE_MODULES = YES;
				CLANG_ENABLE_OBJC_ARC = YES;
				CLANG_ENABLE_OBJC_WEAK = YES;
				CLANG_WARN_BLOCK_CAPTURE_AUTORELEASING = YES;
				CLANG_WARN_BOOL_CONVERSION = YES;
				CLANG_WARN_COMMA = YES;
				CLANG_WARN_CONSTANT_CONVERSION = YES;
				CLANG_WARN_DEPRECATED_OBJC_IMPLEMENTATIONS = YES;
				CLANG_WARN_DIRECT_OBJC_ISA_USAGE = YES_ERROR;
				CLANG_WARN_DOCUMENTATION_COMMENTS = YES;
				CLANG_WARN_EMPTY_BODY = YES;
				CLANG_WARN_ENUM_CONVERSION = YES;
				CLANG_WARN_INFINITE_RECURSION = YES;
				CLANG_WARN_INT_CONVERSION = YES;
				CLANG_WARN_NON_LITERAL_NULL_CONVERSION = YES;
				CLANG_WARN_OBJC_IMPLICIT_RETAIN_SELF = YES;
				CLANG_WARN_OBJC_LITERAL_CONVERSION = YES;
				CLANG_WARN_OBJC_ROOT_CLASS = YES_ERROR;
				CLANG_WARN_RANGE_LOOP_ANALYSIS = YES;
				CLANG_WARN_STRICT_PROTOTYPES = YES;
				CLANG_WARN_SUSPICIOUS_MOVE = YES;
				CLANG_WARN_UNGUARDED_AVAILABILITY = YES_AGGRESSIVE;
				CLANG_WARN_UNREACHABLE_CODE = YES;
				CLANG_WARN__DUPLICATE_METHOD_MATCH = YES;
				CODE_SIGN_IDENTITY = "-";
				COPY_PHASE_STRIP = NO;
				DEBUG_INFORMATION_FORMAT = "dwarf-with-dsym";
				ENABLE_NS_ASSERTIONS = NO;
				ENABLE_STRICT_OBJC_MSGSEND = YES;
				GCC_C_LANGUAGE_STANDARD = gnu11;
				GCC_NO_COMMON_BLOCKS = YES;
				GCC_WARN_64_TO_32_BIT_CONVERSION = YES;
				GCC_WARN_ABOUT_RETURN_TYPE = YES_ERROR;
				GCC_WARN_UNDECLARED_SELECTOR = YES;
				GCC_WARN_UNINITIALIZED_AUTOS = YES_AGGRESSIVE;
				GCC_WARN_UNUSED_FUNCTION = YES;
				GCC_WARN_UNUSED_VARIABLE = YES;
				MACOSX_DEPLOYMENT_TARGET = 10.13;
				MTL_ENABLE_DEBUG_INFO = NO;
				SDKROOT = macosx;
			};
			name = Release;
		};
		0EA33DE82125238E00111348 /* Debug */ = {
			isa = XCBuildConfiguration;
			buildSettings = {
				CODE_SIGN_STYLE = Automatic;
				"FRAMEWORK_SEARCH_PATHS[arch=*]" = "";
				PRODUCT_NAME = "$(TARGET_NAME)";
			};
			name = Debug;
		};
		0EA33DE92125238E00111348 /* Release */ = {
			isa = XCBuildConfiguration;
			buildSettings = {
				CODE_SIGN_STYLE = Automatic;
				"FRAMEWORK_SEARCH_PATHS[arch=*]" = "";
				PRODUCT_NAME = "$(TARGET_NAME)";
			};
			name = Release;
		};
/* End XCBuildConfiguration section */

/* Begin XCConfigurationList section */
		0EA33DDB2125238E00111348 /* Build configuration list for PBXProject "yap" */ = {
			isa = XCConfigurationList;
			buildConfigurations = (
				0EA33DE52125238E00111348 /* Debug */,
				0EA33DE62125238E00111348 /* Release */,
			);
			defaultConfigurationIsVisible = 0;
			defaultConfigurationName = Release;
		};
		0EA33DE72125238E00111348 /* Build configuration list for PBXNativeTarget "yap" */ = {
			isa = XCConfigurationList;
			buildConfigurations = (
				0EA33DE82125238E00111348 /* Debug */,
				0EA33DE92125238E00111348 /* Release */,
			);
			defaultConfigurationIsVisible = 0;
			defaultConfigurationName = Release;
		};
/* End XCConfigurationList section */
	};
	rootObject = 0EA33DD82125238E00111348 /* Project object */;
}
